// !$*UTF8*$!
{
	archiveVersion = 1;
	classes = {
	};
	objectVersion = 48;
	objects = {

/* Begin PBXBuildFile section */
		B71686D81F952DC40081ECA3 /* PageVC.swift in Sources */ = {isa = PBXBuildFile; fileRef = B71686D71F952DC40081ECA3 /* PageVC.swift */; };
		B7CECC841F9524040002A6CF /* AppDelegate.swift in Sources */ = {isa = PBXBuildFile; fileRef = B7CECC831F9524040002A6CF /* AppDelegate.swift */; };
		B7CECC891F9524040002A6CF /* Main.storyboard in Resources */ = {isa = PBXBuildFile; fileRef = B7CECC871F9524040002A6CF /* Main.storyboard */; };
		B7CECC8B1F9524040002A6CF /* Assets.xcassets in Resources */ = {isa = PBXBuildFile; fileRef = B7CECC8A1F9524040002A6CF /* Assets.xcassets */; };
		B7CECC8E1F9524040002A6CF /* LaunchScreen.storyboard in Resources */ = {isa = PBXBuildFile; fileRef = B7CECC8C1F9524040002A6CF /* LaunchScreen.storyboard */; };
		B7CECC961F9524E70002A6CF /* DetailVC.swift in Sources */ = {isa = PBXBuildFile; fileRef = B7CECC951F9524E70002A6CF /* DetailVC.swift */; };
		B7CECC981F952A640002A6CF /* ListVC.swift in Sources */ = {isa = PBXBuildFile; fileRef = B7CECC971F952A640002A6CF /* ListVC.swift */; };
		B7DC45321F9D422900C0C1CC /* WeatherLocation.swift in Sources */ = {isa = PBXBuildFile; fileRef = B7DC45311F9D422900C0C1CC /* WeatherLocation.swift */; };
		B7DC45341F9FD73500C0C1CC /* Constants.swift in Sources */ = {isa = PBXBuildFile; fileRef = B7DC45331F9FD73500C0C1CC /* Constants.swift */; };
		DF00B6285F86E77D614D8E99 /* Pods_WeatherGift.framework in Frameworks */ = {isa = PBXBuildFile; fileRef = ADBE22CDE5698161BF2C9861 /* Pods_WeatherGift.framework */; };
/* End PBXBuildFile section */

/* Begin PBXFileReference section */
		943F62E4AAE6E33F75BAD522 /* Pods-WeatherGift.debug.xcconfig */ = {isa = PBXFileReference; includeInIndex = 1; lastKnownFileType = text.xcconfig; name = "Pods-WeatherGift.debug.xcconfig"; path = "Pods/Target Support Files/Pods-WeatherGift/Pods-WeatherGift.debug.xcconfig"; sourceTree = "<group>"; };
		ADBE22CDE5698161BF2C9861 /* Pods_WeatherGift.framework */ = {isa = PBXFileReference; explicitFileType = wrapper.framework; includeInIndex = 0; path = Pods_WeatherGift.framework; sourceTree = BUILT_PRODUCTS_DIR; };
		B71686D71F952DC40081ECA3 /* PageVC.swift */ = {isa = PBXFileReference; lastKnownFileType = sourcecode.swift; path = PageVC.swift; sourceTree = "<group>"; };
		B7CECC801F9524040002A6CF /* WeatherGift.app */ = {isa = PBXFileReference; explicitFileType = wrapper.application; includeInIndex = 0; path = WeatherGift.app; sourceTree = BUILT_PRODUCTS_DIR; };
		B7CECC831F9524040002A6CF /* AppDelegate.swift */ = {isa = PBXFileReference; lastKnownFileType = sourcecode.swift; path = AppDelegate.swift; sourceTree = "<group>"; };
		B7CECC881F9524040002A6CF /* Base */ = {isa = PBXFileReference; lastKnownFileType = file.storyboard; name = Base; path = Base.lproj/Main.storyboard; sourceTree = "<group>"; };
		B7CECC8A1F9524040002A6CF /* Assets.xcassets */ = {isa = PBXFileReference; lastKnownFileType = folder.assetcatalog; path = Assets.xcassets; sourceTree = "<group>"; };
		B7CECC8D1F9524040002A6CF /* Base */ = {isa = PBXFileReference; lastKnownFileType = file.storyboard; name = Base; path = Base.lproj/LaunchScreen.storyboard; sourceTree = "<group>"; };
		B7CECC8F1F9524040002A6CF /* Info.plist */ = {isa = PBXFileReference; lastKnownFileType = text.plist.xml; path = Info.plist; sourceTree = "<group>"; };
		B7CECC951F9524E70002A6CF /* DetailVC.swift */ = {isa = PBXFileReference; lastKnownFileType = sourcecode.swift; path = DetailVC.swift; sourceTree = "<group>"; };
		B7CECC971F952A640002A6CF /* ListVC.swift */ = {isa = PBXFileReference; lastKnownFileType = sourcecode.swift; path = ListVC.swift; sourceTree = "<group>"; };
		B7DC45311F9D422900C0C1CC /* WeatherLocation.swift */ = {isa = PBXFileReference; lastKnownFileType = sourcecode.swift; path = WeatherLocation.swift; sourceTree = "<group>"; };
		B7DC45331F9FD73500C0C1CC /* Constants.swift */ = {isa = PBXFileReference; lastKnownFileType = sourcecode.swift; path = Constants.swift; sourceTree = "<group>"; };
		DA419C07BFF891827A55ADCE /* Pods-WeatherGift.release.xcconfig */ = {isa = PBXFileReference; includeInIndex = 1; lastKnownFileType = text.xcconfig; name = "Pods-WeatherGift.release.xcconfig"; path = "Pods/Target Support Files/Pods-WeatherGift/Pods-WeatherGift.release.xcconfig"; sourceTree = "<group>"; };
/* End PBXFileReference section */

/* Begin PBXFrameworksBuildPhase section */
		B7CECC7D1F9524040002A6CF /* Frameworks */ = {
			isa = PBXFrameworksBuildPhase;
			buildActionMask = 2147483647;
			files = (
				DF00B6285F86E77D614D8E99 /* Pods_WeatherGift.framework in Frameworks */,
			);
			runOnlyForDeploymentPostprocessing = 0;
		};
/* End PBXFrameworksBuildPhase section */

/* Begin PBXGroup section */
		45A0E9198CCCDB19D8441C16 /* Pods */ = {
			isa = PBXGroup;
			children = (
				943F62E4AAE6E33F75BAD522 /* Pods-WeatherGift.debug.xcconfig */,
				DA419C07BFF891827A55ADCE /* Pods-WeatherGift.release.xcconfig */,
			);
			name = Pods;
			sourceTree = "<group>";
		};
		B7CECC771F9524040002A6CF = {
			isa = PBXGroup;
			children = (
				B7CECC821F9524040002A6CF /* WeatherGift */,
				B7CECC811F9524040002A6CF /* Products */,
				45A0E9198CCCDB19D8441C16 /* Pods */,
				E083C2E92D0A5C71C013CEAF /* Frameworks */,
			);
			sourceTree = "<group>";
		};
		B7CECC811F9524040002A6CF /* Products */ = {
			isa = PBXGroup;
			children = (
				B7CECC801F9524040002A6CF /* WeatherGift.app */,
			);
			name = Products;
			sourceTree = "<group>";
		};
		B7CECC821F9524040002A6CF /* WeatherGift */ = {
			isa = PBXGroup;
			children = (
				B7CECC831F9524040002A6CF /* AppDelegate.swift */,
				B7DC45311F9D422900C0C1CC /* WeatherLocation.swift */,
				B71686D71F952DC40081ECA3 /* PageVC.swift */,
				B7CECC971F952A640002A6CF /* ListVC.swift */,
				B7CECC951F9524E70002A6CF /* DetailVC.swift */,
				B7CECC871F9524040002A6CF /* Main.storyboard */,
				B7DC45331F9FD73500C0C1CC /* Constants.swift */,
				B7CECC8A1F9524040002A6CF /* Assets.xcassets */,
				B7CECC8C1F9524040002A6CF /* LaunchScreen.storyboard */,
				B7CECC8F1F9524040002A6CF /* Info.plist */,
			);
			path = WeatherGift;
			sourceTree = "<group>";
		};
		E083C2E92D0A5C71C013CEAF /* Frameworks */ = {
			isa = PBXGroup;
			children = (
				ADBE22CDE5698161BF2C9861 /* Pods_WeatherGift.framework */,
			);
			name = Frameworks;
			sourceTree = "<group>";
		};
/* End PBXGroup section */

/* Begin PBXNativeTarget section */
		B7CECC7F1F9524040002A6CF /* WeatherGift */ = {
			isa = PBXNativeTarget;
			buildConfigurationList = B7CECC921F9524040002A6CF /* Build configuration list for PBXNativeTarget "WeatherGift" */;
			buildPhases = (
				5873EAE028659BF733F621C1 /* [CP] Check Pods Manifest.lock */,
				B7CECC7C1F9524040002A6CF /* Sources */,
				B7CECC7D1F9524040002A6CF /* Frameworks */,
				B7CECC7E1F9524040002A6CF /* Resources */,
				A1A45F3C7D05E4C84AF41459 /* [CP] Embed Pods Frameworks */,
				6B43C56C3A82118A98F1EC5F /* [CP] Copy Pods Resources */,
			);
			buildRules = (
			);
			dependencies = (
			);
			name = WeatherGift;
			productName = WeatherGift;
			productReference = B7CECC801F9524040002A6CF /* WeatherGift.app */;
			productType = "com.apple.product-type.application";
		};
/* End PBXNativeTarget section */

/* Begin PBXProject section */
		B7CECC781F9524040002A6CF /* Project object */ = {
			isa = PBXProject;
			attributes = {
				LastSwiftUpdateCheck = 0900;
				LastUpgradeCheck = 0900;
				ORGANIZATIONNAME = Kaining;
				TargetAttributes = {
					B7CECC7F1F9524040002A6CF = {
						CreatedOnToolsVersion = 9.0;
						ProvisioningStyle = Automatic;
					};
				};
			};
			buildConfigurationList = B7CECC7B1F9524040002A6CF /* Build configuration list for PBXProject "WeatherGift" */;
			compatibilityVersion = "Xcode 8.0";
			developmentRegion = en;
			hasScannedForEncodings = 0;
			knownRegions = (
				en,
				Base,
			);
			mainGroup = B7CECC771F9524040002A6CF;
			productRefGroup = B7CECC811F9524040002A6CF /* Products */;
			projectDirPath = "";
			projectRoot = "";
			targets = (
				B7CECC7F1F9524040002A6CF /* WeatherGift */,
			);
		};
/* End PBXProject section */

/* Begin PBXResourcesBuildPhase section */
		B7CECC7E1F9524040002A6CF /* Resources */ = {
			isa = PBXResourcesBuildPhase;
			buildActionMask = 2147483647;
			files = (
				B7CECC8E1F9524040002A6CF /* LaunchScreen.storyboard in Resources */,
				B7CECC8B1F9524040002A6CF /* Assets.xcassets in Resources */,
				B7CECC891F9524040002A6CF /* Main.storyboard in Resources */,
			);
			runOnlyForDeploymentPostprocessing = 0;
		};
/* End PBXResourcesBuildPhase section */

/* Begin PBXShellScriptBuildPhase section */
		5873EAE028659BF733F621C1 /* [CP] Check Pods Manifest.lock */ = {
			isa = PBXShellScriptBuildPhase;
			buildActionMask = 2147483647;
			files = (
			);
			inputPaths = (
				"${PODS_PODFILE_DIR_PATH}/Podfile.lock",
				"${PODS_ROOT}/Manifest.lock",
			);
			name = "[CP] Check Pods Manifest.lock";
			outputPaths = (
				"$(DERIVED_FILE_DIR)/Pods-WeatherGift-checkManifestLockResult.txt",
			);
			runOnlyForDeploymentPostprocessing = 0;
			shellPath = /bin/sh;
			shellScript = "diff \"${PODS_PODFILE_DIR_PATH}/Podfile.lock\" \"${PODS_ROOT}/Manifest.lock\" > /dev/null\nif [ $? != 0 ] ; then\n    # print error to STDERR\n    echo \"error: The sandbox is not in sync with the Podfile.lock. Run 'pod install' or update your CocoaPods installation.\" >&2\n    exit 1\nfi\n# This output is used by Xcode 'outputs' to avoid re-running this script phase.\necho \"SUCCESS\" > \"${SCRIPT_OUTPUT_FILE_0}\"\n";
			showEnvVarsInLog = 0;
		};
		6B43C56C3A82118A98F1EC5F /* [CP] Copy Pods Resources */ = {
			isa = PBXShellScriptBuildPhase;
			buildActionMask = 2147483647;
			files = (
			);
			inputPaths = (
				"${SRCROOT}/Pods/Target Support Files/Pods-WeatherGift/Pods-WeatherGift-resources.sh",
				"${PODS_ROOT}/GooglePlaces/Frameworks/GooglePlaces.framework/Resources/GooglePlaces.bundle",
			);
			name = "[CP] Copy Pods Resources";
			outputPaths = (
				"${TARGET_BUILD_DIR}/${UNLOCALIZED_RESOURCES_FOLDER_PATH}",
			);
			runOnlyForDeploymentPostprocessing = 0;
			shellPath = /bin/sh;
			shellScript = "\"${SRCROOT}/Pods/Target Support Files/Pods-WeatherGift/Pods-WeatherGift-resources.sh\"\n";
			showEnvVarsInLog = 0;
		};
		A1A45F3C7D05E4C84AF41459 /* [CP] Embed Pods Frameworks */ = {
			isa = PBXShellScriptBuildPhase;
			buildActionMask = 2147483647;
			files = (
			);
			inputPaths = (
				"${SRCROOT}/Pods/Target Support Files/Pods-WeatherGift/Pods-WeatherGift-frameworks.sh",
				"${BUILT_PRODUCTS_DIR}/Alamofire/Alamofire.framework",
				"${BUILT_PRODUCTS_DIR}/SwiftyJSON/SwiftyJSON.framework",
			);
			name = "[CP] Embed Pods Frameworks";
			outputPaths = (
				"${TARGET_BUILD_DIR}/${FRAMEWORKS_FOLDER_PATH}/Alamofire.framework",
				"${TARGET_BUILD_DIR}/${FRAMEWORKS_FOLDER_PATH}/SwiftyJSON.framework",
			);
			runOnlyForDeploymentPostprocessing = 0;
			shellPath = /bin/sh;
			shellScript = "\"${SRCROOT}/Pods/Target Support Files/Pods-WeatherGift/Pods-WeatherGift-frameworks.sh\"\n";
			showEnvVarsInLog = 0;
		};
/* End PBXShellScriptBuildPhase section */

/* Begin PBXSourcesBuildPhase section */
		B7CECC7C1F9524040002A6CF /* Sources */ = {
			isa = PBXSourcesBuildPhase;
			buildActionMask = 2147483647;
			files = (
				B7DC45321F9D422900C0C1CC /* WeatherLocation.swift in Sources */,
				B7CECC981F952A640002A6CF /* ListVC.swift in Sources */,
				B71686D81F952DC40081ECA3 /* PageVC.swift in Sources */,
				B7CECC841F9524040002A6CF /* AppDelegate.swift in Sources */,
				B7CECC961F9524E70002A6CF /* DetailVC.swift in Sources */,
				B7DC45341F9FD73500C0C1CC /* Constants.swift in Sources */,
			);
			runOnlyForDeploymentPostprocessing = 0;
		};
/* End PBXSourcesBuildPhase section */

/* Begin PBXVariantGroup section */
		B7CECC871F9524040002A6CF /* Main.storyboard */ = {
			isa = PBXVariantGroup;
			children = (
				B7CECC881F9524040002A6CF /* Base */,
			);
			name = Main.storyboard;
			sourceTree = "<group>";
		};
		B7CECC8C1F9524040002A6CF /* LaunchScreen.storyboard */ = {
			isa = PBXVariantGroup;
			children = (
				B7CECC8D1F9524040002A6CF /* Base */,
			);
			name = LaunchScreen.storyboard;
			sourceTree = "<group>";
		};
/* End PBXVariantGroup section */

/* Begin XCBuildConfiguration section */
		B7CECC901F9524040002A6CF /* Debug */ = {
			isa = XCBuildConfiguration;
			buildSettings = {
				ALWAYS_SEARCH_USER_PATHS = NO;
				CLANG_ANALYZER_NONNULL = YES;
				CLANG_ANALYZER_NUMBER_OBJECT_CONVERSION = YES_AGGRESSIVE;
				CLANG_CXX_LANGUAGE_STANDARD = "gnu++14";
				CLANG_CXX_LIBRARY = "libc++";
				CLANG_ENABLE_MODULES = YES;
				CLANG_ENABLE_OBJC_ARC = YES;
				CLANG_WARN_BLOCK_CAPTURE_AUTORELEASING = YES;
				CLANG_WARN_BOOL_CONVERSION = YES;
				CLANG_WARN_COMMA = YES;
				CLANG_WARN_CONSTANT_CONVERSION = YES;
				CLANG_WARN_DIRECT_OBJC_ISA_USAGE = YES_ERROR;
				CLANG_WARN_DOCUMENTATION_COMMENTS = YES;
				CLANG_WARN_EMPTY_BODY = YES;
				CLANG_WARN_ENUM_CONVERSION = YES;
				CLANG_WARN_INFINITE_RECURSION = YES;
				CLANG_WARN_INT_CONVERSION = YES;
				CLANG_WARN_NON_LITERAL_NULL_CONVERSION = YES;
				CLANG_WARN_OBJC_LITERAL_CONVERSION = YES;
				CLANG_WARN_OBJC_ROOT_CLASS = YES_ERROR;
				CLANG_WARN_RANGE_LOOP_ANALYSIS = YES;
				CLANG_WARN_STRICT_PROTOTYPES = YES;
				CLANG_WARN_SUSPICIOUS_MOVE = YES;
				CLANG_WARN_UNGUARDED_AVAILABILITY = YES_AGGRESSIVE;
				CLANG_WARN_UNREACHABLE_CODE = YES;
				CLANG_WARN__DUPLICATE_METHOD_MATCH = YES;
				CODE_SIGN_IDENTITY = "iPhone Developer";
				COPY_PHASE_STRIP = NO;
				DEBUG_INFORMATION_FORMAT = dwarf;
				ENABLE_STRICT_OBJC_MSGSEND = YES;
				ENABLE_TESTABILITY = YES;
				GCC_C_LANGUAGE_STANDARD = gnu11;
				GCC_DYNAMIC_NO_PIC = NO;
				GCC_NO_COMMON_BLOCKS = YES;
				GCC_OPTIMIZATION_LEVEL = 0;
				GCC_PREPROCESSOR_DEFINITIONS = (
					"DEBUG=1",
					"$(inherited)",
				);
				GCC_WARN_64_TO_32_BIT_CONVERSION = YES;
				GCC_WARN_ABOUT_RETURN_TYPE = YES_ERROR;
				GCC_WARN_UNDECLARED_SELECTOR = YES;
				GCC_WARN_UNINITIALIZED_AUTOS = YES_AGGRESSIVE;
				GCC_WARN_UNUSED_FUNCTION = YES;
				GCC_WARN_UNUSED_VARIABLE = YES;
				IPHONEOS_DEPLOYMENT_TARGET = 11.0;
				MTL_ENABLE_DEBUG_INFO = YES;
				ONLY_ACTIVE_ARCH = YES;
				SDKROOT = iphoneos;
				SWIFT_ACTIVE_COMPILATION_CONDITIONS = DEBUG;
				SWIFT_OPTIMIZATION_LEVEL = "-Onone";
			};
			name = Debug;
		};
		B7CECC911F9524040002A6CF /* Release */ = {
			isa = XCBuildConfiguration;
			buildSettings = {
				ALWAYS_SEARCH_USER_PATHS = NO;
				CLANG_ANALYZER_NONNULL = YES;
				CLANG_ANALYZER_NUMBER_OBJECT_CONVERSION = YES_AGGRESSIVE;
				CLANG_CXX_LANGUAGE_STANDARD = "gnu++14";
				CLANG_CXX_LIBRARY = "libc++";
				CLANG_ENABLE_MODULES = YES;
				CLANG_ENABLE_OBJC_ARC = YES;
				CLANG_WARN_BLOCK_CAPTURE_AUTORELEASING = YES;
				CLANG_WARN_BOOL_CONVERSION = YES;
				CLANG_WARN_COMMA = YES;
				CLANG_WARN_CONSTANT_CONVERSION = YES;
				CLANG_WARN_DIRECT_OBJC_ISA_USAGE = YES_ERROR;
				CLANG_WARN_DOCUMENTATION_COMMENTS = YES;
				CLANG_WARN_EMPTY_BODY = YES;
				CLANG_WARN_ENUM_CONVERSION = YES;
				CLANG_WARN_INFINITE_RECURSION = YES;
				CLANG_WARN_INT_CONVERSION = YES;
				CLANG_WARN_NON_LITERAL_NULL_CONVERSION = YES;
				CLANG_WARN_OBJC_LITERAL_CONVERSION = YES;
				CLANG_WARN_OBJC_ROOT_CLASS = YES_ERROR;
				CLANG_WARN_RANGE_LOOP_ANALYSIS = YES;
				CLANG_WARN_STRICT_PROTOTYPES = YES;
				CLANG_WARN_SUSPICIOUS_MOVE = YES;
				CLANG_WARN_UNGUARDED_AVAILABILITY = YES_AGGRESSIVE;
				CLANG_WARN_UNREACHABLE_CODE = YES;
				CLANG_WARN__DUPLICATE_METHOD_MATCH = YES;
				CODE_SIGN_IDENTITY = "iPhone Developer";
				COPY_PHASE_STRIP = NO;
				DEBUG_INFORMATION_FORMAT = "dwarf-with-dsym";
				ENABLE_NS_ASSERTIONS = NO;
				ENABLE_STRICT_OBJC_MSGSEND = YES;
				GCC_C_LANGUAGE_STANDARD = gnu11;
				GCC_NO_COMMON_BLOCKS = YES;
				GCC_WARN_64_TO_32_BIT_CONVERSION = YES;
				GCC_WARN_ABOUT_RETURN_TYPE = YES_ERROR;
				GCC_WARN_UNDECLARED_SELECTOR = YES;
				GCC_WARN_UNINITIALIZED_AUTOS = YES_AGGRESSIVE;
				GCC_WARN_UNUSED_FUNCTION = YES;
				GCC_WARN_UNUSED_VARIABLE = YES;
				IPHONEOS_DEPLOYMENT_TARGET = 11.0;
				MTL_ENABLE_DEBUG_INFO = NO;
				SDKROOT = iphoneos;
				SWIFT_OPTIMIZATION_LEVEL = "-Owholemodule";
				VALIDATE_PRODUCT = YES;
			};
			name = Release;
		};
		B7CECC931F9524040002A6CF /* Debug */ = {
			isa = XCBuildConfiguration;
			baseConfigurationReference = 943F62E4AAE6E33F75BAD522 /* Pods-WeatherGift.debug.xcconfig */;
			buildSettings = {
				ASSETCATALOG_COMPILER_APPICON_NAME = AppIcon;
				CODE_SIGN_STYLE = Automatic;
				DEVELOPMENT_TEAM = 3M92AACH4S;
				INFOPLIST_FILE = WeatherGift/Info.plist;
				IPHONEOS_DEPLOYMENT_TARGET = 9.0;
				LD_RUNPATH_SEARCH_PATHS = "$(inherited) @executable_path/Frameworks";
				PRODUCT_BUNDLE_IDENTIFIER = com.Kaining.WeatherGift;
				PRODUCT_NAME = "$(TARGET_NAME)";
				SWIFT_VERSION = 4.0;
				TARGETED_DEVICE_FAMILY = "1,2";
			};
			name = Debug;
		};
		B7CECC941F9524040002A6CF /* Release */ = {
			isa = XCBuildConfiguration;
			baseConfigurationReference = DA419C07BFF891827A55ADCE /* Pods-WeatherGift.release.xcconfig */;
			buildSettings = {
				ASSETCATALOG_COMPILER_APPICON_NAME = AppIcon;
				CODE_SIGN_STYLE = Automatic;
				DEVELOPMENT_TEAM = 3M92AACH4S;
				INFOPLIST_FILE = WeatherGift/Info.plist;
				IPHONEOS_DEPLOYMENT_TARGET = 9.0;
				LD_RUNPATH_SEARCH_PATHS = "$(inherited) @executable_path/Frameworks";
				PRODUCT_BUNDLE_IDENTIFIER = com.Kaining.WeatherGift;
				PRODUCT_NAME = "$(TARGET_NAME)";
				SWIFT_VERSION = 4.0;
				TARGETED_DEVICE_FAMILY = "1,2";
			};
			name = Release;
		};
/* End XCBuildConfiguration section */

/* Begin XCConfigurationList section */
		B7CECC7B1F9524040002A6CF /* Build configuration list for PBXProject "WeatherGift" */ = {
			isa = XCConfigurationList;
			buildConfigurations = (
				B7CECC901F9524040002A6CF /* Debug */,
				B7CECC911F9524040002A6CF /* Release */,
			);
			defaultConfigurationIsVisible = 0;
			defaultConfigurationName = Release;
		};
		B7CECC921F9524040002A6CF /* Build configuration list for PBXNativeTarget "WeatherGift" */ = {
			isa = XCConfigurationList;
			buildConfigurations = (
				B7CECC931F9524040002A6CF /* Debug */,
				B7CECC941F9524040002A6CF /* Release */,
			);
			defaultConfigurationIsVisible = 0;
			defaultConfigurationName = Release;
		};
/* End XCConfigurationList section */
	};
	rootObject = B7CECC781F9524040002A6CF /* Project object */;
}
